
Microsoft Visual Studio Solution File, Format Version 12.00
# Visual Studio Version 16
VisualStudioVersion = 16.0.30509.190
MinimumVisualStudioVersion = 10.0.40219.1
Project("{FAE04EC0-301F-11D3-BF4B-00C04F79EFBC}") = "newBlogprj", "newBlogprj\newBlogprj.csproj", "{6F77E466-68B3-413C-87FF-EA3775AC6CA7}"
EndProject
Global
	GlobalSection(SolutionConfigurationPlatforms) = preSolution
		Debug|Any CPU = Debug|Any CPU
		Release|Any CPU = Release|Any CPU
	EndGlobalSection
	GlobalSection(ProjectConfigurationPlatforms) = postSolution
		{6F77E466-68B3-413C-87FF-EA3775AC6CA7}.Debug|Any CPU.ActiveCfg = Debug|Any CPU
		{6F77E466-68B3-413C-87FF-EA3775AC6CA7}.Debug|Any CPU.Build.0 = Debug|Any CPU
		{6F77E466-68B3-413C-87FF-EA3775AC6CA7}.Release|Any CPU.ActiveCfg = Release|Any CPU
		{6F77E466-68B3-413C-87FF-EA3775AC6CA7}.Release|Any CPU.Build.0 = Release|Any CPU
	EndGlobalSection
	GlobalSection(SolutionProperties) = preSolution
		HideSolutionNode = FALSE
	EndGlobalSection
	GlobalSection(ExtensibilityGlobals) = postSolution
		SolutionGuid = {EF2B8CEE-D75D-452C-9A6B-0F06FD9E4B37}
	EndGlobalSection
EndGlobal
